
Microsoft Visual Studio Solution File, Format Version 12.00
# Visual Studio 15
VisualStudioVersion = 15.0.27130.2026
MinimumVisualStudioVersion = 10.0.40219.1
Project("{FAE04EC0-301F-11D3-BF4B-00C04F79EFBC}") = "ActuarialIntelligence.DLTS.Domain", "ActuarialIntelligence.DLTS.Domain\ActuarialIntelligence.DLTS.Domain.csproj", "{A8C2E8C9-23DF-452B-9118-B60DFB14349E}"
EndProject
Project("{FAE04EC0-301F-11D3-BF4B-00C04F79EFBC}") = "ActuarialIntelligence.DLTS.NoiseModels", "ActuarialIntelligence.DLTS.NoiseModels\ActuarialIntelligence.DLTS.NoiseModels.csproj", "{236C985A-6BC8-4A46-A04D-1AD89E48D2C9}"
EndProject
Project("{FAE04EC0-301F-11D3-BF4B-00C04F79EFBC}") = "ActuarialIntelligence.DLTS.Infrastructure", "ActuarialIntelligence.DLTS.Infrastructure\ActuarialIntelligence.DLTS.Infrastructure.csproj", "{68A753B0-B22E-4672-AFB3-CCBED28C4A05}"
EndProject
Project("{FAE04EC0-301F-11D3-BF4B-00C04F79EFBC}") = "ActuarialIntelligence.DLTS.EXE", "ActuarialIntelligence.DLTS.EXE\ActuarialIntelligence.DLTS.EXE.csproj", "{B1066B35-3986-437D-8A66-4307C6FE438C}"
EndProject
Global
	GlobalSection(SolutionConfigurationPlatforms) = preSolution
		Debug|Any CPU = Debug|Any CPU
		Release|Any CPU = Release|Any CPU
	EndGlobalSection
	GlobalSection(ProjectConfigurationPlatforms) = postSolution
		{A8C2E8C9-23DF-452B-9118-B60DFB14349E}.Debug|Any CPU.ActiveCfg = Debug|Any CPU
		{A8C2E8C9-23DF-452B-9118-B60DFB14349E}.Debug|Any CPU.Build.0 = Debug|Any CPU
		{A8C2E8C9-23DF-452B-9118-B60DFB14349E}.Release|Any CPU.ActiveCfg = Release|Any CPU
		{A8C2E8C9-23DF-452B-9118-B60DFB14349E}.Release|Any CPU.Build.0 = Release|Any CPU
		{236C985A-6BC8-4A46-A04D-1AD89E48D2C9}.Debug|Any CPU.ActiveCfg = Debug|Any CPU
		{236C985A-6BC8-4A46-A04D-1AD89E48D2C9}.Debug|Any CPU.Build.0 = Debug|Any CPU
		{236C985A-6BC8-4A46-A04D-1AD89E48D2C9}.Release|Any CPU.ActiveCfg = Release|Any CPU
		{236C985A-6BC8-4A46-A04D-1AD89E48D2C9}.Release|Any CPU.Build.0 = Release|Any CPU
		{68A753B0-B22E-4672-AFB3-CCBED28C4A05}.Debug|Any CPU.ActiveCfg = Debug|Any CPU
		{68A753B0-B22E-4672-AFB3-CCBED28C4A05}.Debug|Any CPU.Build.0 = Debug|Any CPU
		{68A753B0-B22E-4672-AFB3-CCBED28C4A05}.Release|Any CPU.ActiveCfg = Release|Any CPU
		{68A753B0-B22E-4672-AFB3-CCBED28C4A05}.Release|Any CPU.Build.0 = Release|Any CPU
		{B1066B35-3986-437D-8A66-4307C6FE438C}.Debug|Any CPU.ActiveCfg = Debug|Any CPU
		{B1066B35-3986-437D-8A66-4307C6FE438C}.Debug|Any CPU.Build.0 = Debug|Any CPU
		{B1066B35-3986-437D-8A66-4307C6FE438C}.Release|Any CPU.ActiveCfg = Release|Any CPU
		{B1066B35-3986-437D-8A66-4307C6FE438C}.Release|Any CPU.Build.0 = Release|Any CPU
	EndGlobalSection
	GlobalSection(SolutionProperties) = preSolution
		HideSolutionNode = FALSE
	EndGlobalSection
	GlobalSection(ExtensibilityGlobals) = postSolution
		SolutionGuid = {BB2DACD3-01F3-4D77-B113-324829E0C33E}
	EndGlobalSection
EndGlobal
